
Microsoft Visual Studio Solution File, Format Version 12.00
Project("{2150E333-8FDC-42A3-9474-1A3956D46DE8}") = "Microservices.Training.Service1", "Microservices.Training.Service1", "{EB6E5041-F06B-4F54-A09B-52B9287D2F32}"
EndProject
Project("{2150E333-8FDC-42A3-9474-1A3956D46DE8}") = "src", "src", "{CAAD71AA-D50D-4B11-B799-CB14F3626CC9}"
EndProject
Project("{2150E333-8FDC-42A3-9474-1A3956D46DE8}") = "tests", "tests", "{6331BBC9-97A9-4FC4-84EC-0D0479E312DC}"
EndProject
Project("{FAE04EC0-301F-11D3-BF4B-00C04F79EFBC}") = "Microservices.Training.Service1.Application", "Microservices.Training.Service1.Application\Microservices.Training.Service1.Application.csproj", "{9D59BACE-B412-419C-B3BD-3080DA33C7DA}"
EndProject
Global
	GlobalSection(SolutionConfigurationPlatforms) = preSolution
		Debug|Any CPU = Debug|Any CPU
		Release|Any CPU = Release|Any CPU
	EndGlobalSection
	GlobalSection(ProjectConfigurationPlatforms) = postSolution
		{9D59BACE-B412-419C-B3BD-3080DA33C7DA}.Debug|Any CPU.ActiveCfg = Debug|Any CPU
		{9D59BACE-B412-419C-B3BD-3080DA33C7DA}.Debug|Any CPU.Build.0 = Debug|Any CPU
		{9D59BACE-B412-419C-B3BD-3080DA33C7DA}.Release|Any CPU.ActiveCfg = Release|Any CPU
		{9D59BACE-B412-419C-B3BD-3080DA33C7DA}.Release|Any CPU.Build.0 = Release|Any CPU
	EndGlobalSection
	GlobalSection(NestedProjects) = preSolution
		{CAAD71AA-D50D-4B11-B799-CB14F3626CC9} = {EB6E5041-F06B-4F54-A09B-52B9287D2F32}
		{6331BBC9-97A9-4FC4-84EC-0D0479E312DC} = {EB6E5041-F06B-4F54-A09B-52B9287D2F32}
		{9D59BACE-B412-419C-B3BD-3080DA33C7DA} = {CAAD71AA-D50D-4B11-B799-CB14F3626CC9}
	EndGlobalSection
EndGlobal
